{
  "id": 1770613509370,
  "name": "voyage-tracker-v6",
  "vessel": "Celebrity Solstice",
  "startDate": "",
  "endDate": "",
  "legs": [],
  "densities": {
    "HFO": 0.92,
    "MGO": 0.83,
    "LSFO": 0.92
  },
  "voyageEnd": null,
  "lastModified": "2026-02-09T05:05:15.208Z",
  "version": "6.0.0",
  "filename": "package-lock.json"
}